// !$*UTF8*$!
{
	archiveVersion = 1;
	classes = {
	};
	objectVersion = 77;
	objects = {

/* Begin PBXBuildFile section */
		12A703179B4BC6A7AECD2710 /* HandStreamer.swift in Sources */ = {isa = PBXBuildFile; fileRef = 6D466B90B2943D1B5D3A2490 /* HandStreamer.swift */; };
		A1B2C3D4E5F60001AABB0001 /* ImmersiveView.swift in Sources */ = {isa = PBXBuildFile; fileRef = A1B2C3D4E5F60002AABB0002 /* ImmersiveView.swift */; };
		49F71F06431FD4FFDDA175CF /* ARKit.framework in Frameworks */ = {isa = PBXBuildFile; fileRef = 864A45F450939ACB7F8585F4 /* ARKit.framework */; };
		8D35E2FA22E6BA63F64DF5F4 /* AVPHandStreamerApp.swift in Sources */ = {isa = PBXBuildFile; fileRef = 90E38DEA6DECDBA47A849AAF /* AVPHandStreamerApp.swift */; };
		DED497C9FFB52D1023E304FD /* RealityKit.framework in Frameworks */ = {isa = PBXBuildFile; fileRef = 611ABF673D483D5276FCA2C5 /* RealityKit.framework */; };
		F94766F21857511E670CE060 /* ContentView.swift in Sources */ = {isa = PBXBuildFile; fileRef = 1467CCA3FEC7C745593CED69 /* ContentView.swift */; };
/* End PBXBuildFile section */

/* Begin PBXFileReference section */
		1467CCA3FEC7C745593CED69 /* ContentView.swift */ = {isa = PBXFileReference; lastKnownFileType = sourcecode.swift; path = ContentView.swift; sourceTree = "<group>"; };
		177147CE8B43A090A3F34D18 /* AVPHandStreamer.app */ = {isa = PBXFileReference; explicitFileType = wrapper.application; includeInIndex = 0; path = AVPHandStreamer.app; sourceTree = BUILT_PRODUCTS_DIR; };
		611ABF673D483D5276FCA2C5 /* RealityKit.framework */ = {isa = PBXFileReference; lastKnownFileType = wrapper.framework; path = RealityKit.framework; sourceTree = "<group>"; };
		6D466B90B2943D1B5D3A2490 /* HandStreamer.swift */ = {isa = PBXFileReference; lastKnownFileType = sourcecode.swift; path = HandStreamer.swift; sourceTree = "<group>"; };
		A1B2C3D4E5F60002AABB0002 /* ImmersiveView.swift */ = {isa = PBXFileReference; lastKnownFileType = sourcecode.swift; path = ImmersiveView.swift; sourceTree = "<group>"; };
		864A45F450939ACB7F8585F4 /* ARKit.framework */ = {isa = PBXFileReference; lastKnownFileType = wrapper.framework; path = ARKit.framework; sourceTree = "<group>"; };
		90E38DEA6DECDBA47A849AAF /* AVPHandStreamerApp.swift */ = {isa = PBXFileReference; lastKnownFileType = sourcecode.swift; path = AVPHandStreamerApp.swift; sourceTree = "<group>"; };
		A845440F87F032F5E0F0F9AA /* AVPHandStreamer.entitlements */ = {isa = PBXFileReference; lastKnownFileType = text.plist.entitlements; path = AVPHandStreamer.entitlements; sourceTree = "<group>"; };
/* End PBXFileReference section */

/* Begin PBXFrameworksBuildPhase section */
		2B1AE0876F0EA122FC97B626 /* Frameworks */ = {
			isa = PBXFrameworksBuildPhase;
			buildActionMask = 2147483647;
			files = (
				49F71F06431FD4FFDDA175CF /* ARKit.framework in Frameworks */,
				DED497C9FFB52D1023E304FD /* RealityKit.framework in Frameworks */,
			);
			runOnlyForDeploymentPostprocessing = 0;
		};
/* End PBXFrameworksBuildPhase section */

/* Begin PBXGroup section */
		4D2A2A53E4FABC00067D6204 /* AVPHandStreamer */ = {
			isa = PBXGroup;
			children = (
				A845440F87F032F5E0F0F9AA /* AVPHandStreamer.entitlements */,
				90E38DEA6DECDBA47A849AAF /* AVPHandStreamerApp.swift */,
				1467CCA3FEC7C745593CED69 /* ContentView.swift */,
				6D466B90B2943D1B5D3A2490 /* HandStreamer.swift */,
				A1B2C3D4E5F60002AABB0002 /* ImmersiveView.swift */,
			);
			path = AVPHandStreamer;
			sourceTree = "<group>";
		};
		C3B75229C207522ADA91A96F /* Frameworks */ = {
			isa = PBXGroup;
			children = (
				864A45F450939ACB7F8585F4 /* ARKit.framework */,
				611ABF673D483D5276FCA2C5 /* RealityKit.framework */,
			);
			name = Frameworks;
			sourceTree = "<group>";
		};
		D930FCDBD815BEDF11B3181B /* Products */ = {
			isa = PBXGroup;
			children = (
				177147CE8B43A090A3F34D18 /* AVPHandStreamer.app */,
			);
			name = Products;
			sourceTree = "<group>";
		};
		F7ABA7BA8EE213FD40D9C8FC = {
			isa = PBXGroup;
			children = (
				4D2A2A53E4FABC00067D6204 /* AVPHandStreamer */,
				C3B75229C207522ADA91A96F /* Frameworks */,
				D930FCDBD815BEDF11B3181B /* Products */,
			);
			sourceTree = "<group>";
		};
/* End PBXGroup section */

/* Begin PBXNativeTarget section */
		454457EFC7B2490A4458CA2E /* AVPHandStreamer */ = {
			isa = PBXNativeTarget;
			buildConfigurationList = 32584E7FAE2F35A0287CF1C0 /* Build configuration list for PBXNativeTarget "AVPHandStreamer" */;
			buildPhases = (
				3CE3D164B1E0C13B01266E40 /* Sources */,
				2B1AE0876F0EA122FC97B626 /* Frameworks */,
			);
			buildRules = (
			);
			dependencies = (
			);
			name = AVPHandStreamer;
			packageProductDependencies = (
			);
			productName = AVPHandStreamer;
			productReference = 177147CE8B43A090A3F34D18 /* AVPHandStreamer.app */;
			productType = "com.apple.product-type.application";
		};
/* End PBXNativeTarget section */

/* Begin PBXProject section */
		833DB9E2E8614F6429872847 /* Project object */ = {
			isa = PBXProject;
			attributes = {
				BuildIndependentTargetsInParallel = YES;
				LastUpgradeCheck = 1600;
				TargetAttributes = {
					454457EFC7B2490A4458CA2E = {
						ProvisioningStyle = Automatic;
					};
				};
			};
			buildConfigurationList = 109C86C16A7A8B55905B294E /* Build configuration list for PBXProject "AVPHandStreamer" */;
			developmentRegion = en;
			hasScannedForEncodings = 0;
			knownRegions = (
				Base,
				en,
			);
			mainGroup = F7ABA7BA8EE213FD40D9C8FC;
			minimizedProjectReferenceProxies = 1;
			preferredProjectObjectVersion = 77;
			productRefGroup = D930FCDBD815BEDF11B3181B /* Products */;
			projectDirPath = "";
			projectRoot = "";
			targets = (
				454457EFC7B2490A4458CA2E /* AVPHandStreamer */,
			);
		};
/* End PBXProject section */

/* Begin PBXSourcesBuildPhase section */
		3CE3D164B1E0C13B01266E40 /* Sources */ = {
			isa = PBXSourcesBuildPhase;
			buildActionMask = 2147483647;
			files = (
				8D35E2FA22E6BA63F64DF5F4 /* AVPHandStreamerApp.swift in Sources */,
				F94766F21857511E670CE060 /* ContentView.swift in Sources */,
				12A703179B4BC6A7AECD2710 /* HandStreamer.swift in Sources */,
				A1B2C3D4E5F60001AABB0001 /* ImmersiveView.swift in Sources */,
			);
			runOnlyForDeploymentPostprocessing = 0;
		};
/* End PBXSourcesBuildPhase section */

/* Begin XCBuildConfiguration section */
		6CADF4A0593E46EDC1244B14 /* Debug */ = {
			isa = XCBuildConfiguration;
			buildSettings = {
				ALWAYS_SEARCH_USER_PATHS = NO;
				CLANG_ANALYZER_NONNULL = YES;
				CLANG_ANALYZER_NUMBER_OBJECT_CONVERSION = YES_AGGRESSIVE;
				CLANG_CXX_LANGUAGE_STANDARD = "gnu++14";
				CLANG_CXX_LIBRARY = "libc++";
				CLANG_ENABLE_MODULES = YES;
				CLANG_ENABLE_OBJC_ARC = YES;
				CLANG_ENABLE_OBJC_WEAK = YES;
				CLANG_WARN_BLOCK_CAPTURE_AUTORELEASING = YES;
				CLANG_WARN_BOOL_CONVERSION = YES;
				CLANG_WARN_COMMA = YES;
				CLANG_WARN_CONSTANT_CONVERSION = YES;
				CLANG_WARN_DEPRECATED_OBJC_IMPLEMENTATIONS = YES;
				CLANG_WARN_DIRECT_OBJC_ISA_USAGE = YES_ERROR;
				CLANG_WARN_DOCUMENTATION_COMMENTS = YES;
				CLANG_WARN_EMPTY_BODY = YES;
				CLANG_WARN_ENUM_CONVERSION = YES;
				CLANG_WARN_INFINITE_RECURSION = YES;
				CLANG_WARN_INT_CONVERSION = YES;
				CLANG_WARN_NON_LITERAL_NULL_CONVERSION = YES;
				CLANG_WARN_OBJC_IMPLICIT_RETAIN_SELF = YES;
				CLANG_WARN_OBJC_LITERAL_CONVERSION = YES;
				CLANG_WARN_OBJC_ROOT_CLASS = YES_ERROR;
				CLANG_WARN_QUOTED_INCLUDE_IN_FRAMEWORK_HEADER = YES;
				CLANG_WARN_RANGE_LOOP_ANALYSIS = YES;
				CLANG_WARN_STRICT_PROTOTYPES = YES;
				CLANG_WARN_SUSPICIOUS_MOVE = YES;
				CLANG_WARN_UNGUARDED_AVAILABILITY = YES_AGGRESSIVE;
				CLANG_WARN_UNREACHABLE_CODE = YES;
				CLANG_WARN__DUPLICATE_METHOD_MATCH = YES;
				COPY_PHASE_STRIP = NO;
				DEBUG_INFORMATION_FORMAT = dwarf;
				ENABLE_STRICT_OBJC_MSGSEND = YES;
				ENABLE_TESTABILITY = YES;
				GCC_C_LANGUAGE_STANDARD = gnu11;
				GCC_DYNAMIC_NO_PIC = NO;
				GCC_NO_COMMON_BLOCKS = YES;
				GCC_OPTIMIZATION_LEVEL = 0;
				GCC_PREPROCESSOR_DEFINITIONS = (
					"$(inherited)",
					"DEBUG=1",
				);
				GCC_WARN_64_TO_32_BIT_CONVERSION = YES;
				GCC_WARN_ABOUT_RETURN_TYPE = YES_ERROR;
				GCC_WARN_UNDECLARED_SELECTOR = YES;
				GCC_WARN_UNINITIALIZED_AUTOS = YES_AGGRESSIVE;
				GCC_WARN_UNUSED_FUNCTION = YES;
				GCC_WARN_UNUSED_VARIABLE = YES;
				MTL_ENABLE_DEBUG_INFO = INCLUDE_SOURCE;
				MTL_FAST_MATH = YES;
				ONLY_ACTIVE_ARCH = YES;
				PRODUCT_NAME = "$(TARGET_NAME)";
				SDKROOT = xros;
				SUPPORTS_MACCATALYST = NO;
				SUPPORTS_MAC_DESIGNED_FOR_IPHONE_IPAD = NO;
				SWIFT_ACTIVE_COMPILATION_CONDITIONS = DEBUG;
				SWIFT_OPTIMIZATION_LEVEL = "-Onone";
				SWIFT_VERSION = 5.9;
				TARGETED_DEVICE_FAMILY = 7;
				XROS_DEPLOYMENT_TARGET = 2.0;
			};
			name = Debug;
		};
		954840A46448A3870195EDF3 /* Release */ = {
			isa = XCBuildConfiguration;
			buildSettings = {
				ALWAYS_SEARCH_USER_PATHS = NO;
				CLANG_ANALYZER_NONNULL = YES;
				CLANG_ANALYZER_NUMBER_OBJECT_CONVERSION = YES_AGGRESSIVE;
				CLANG_CXX_LANGUAGE_STANDARD = "gnu++14";
				CLANG_CXX_LIBRARY = "libc++";
				CLANG_ENABLE_MODULES = YES;
				CLANG_ENABLE_OBJC_ARC = YES;
				CLANG_ENABLE_OBJC_WEAK = YES;
				CLANG_WARN_BLOCK_CAPTURE_AUTORELEASING = YES;
				CLANG_WARN_BOOL_CONVERSION = YES;
				CLANG_WARN_COMMA = YES;
				CLANG_WARN_CONSTANT_CONVERSION = YES;
				CLANG_WARN_DEPRECATED_OBJC_IMPLEMENTATIONS = YES;
				CLANG_WARN_DIRECT_OBJC_ISA_USAGE = YES_ERROR;
				CLANG_WARN_DOCUMENTATION_COMMENTS = YES;
				CLANG_WARN_EMPTY_BODY = YES;
				CLANG_WARN_ENUM_CONVERSION = YES;
				CLANG_WARN_INFINITE_RECURSION = YES;
				CLANG_WARN_INT_CONVERSION = YES;
				CLANG_WARN_NON_LITERAL_NULL_CONVERSION = YES;
				CLANG_WARN_OBJC_IMPLICIT_RETAIN_SELF = YES;
				CLANG_WARN_OBJC_LITERAL_CONVERSION = YES;
				CLANG_WARN_OBJC_ROOT_CLASS = YES_ERROR;
				CLANG_WARN_QUOTED_INCLUDE_IN_FRAMEWORK_HEADER = YES;
				CLANG_WARN_RANGE_LOOP_ANALYSIS = YES;
				CLANG_WARN_STRICT_PROTOTYPES = YES;
				CLANG_WARN_SUSPICIOUS_MOVE = YES;
				CLANG_WARN_UNGUARDED_AVAILABILITY = YES_AGGRESSIVE;
				CLANG_WARN_UNREACHABLE_CODE = YES;
				CLANG_WARN__DUPLICATE_METHOD_MATCH = YES;
				COPY_PHASE_STRIP = NO;
				DEBUG_INFORMATION_FORMAT = "dwarf-with-dsym";
				ENABLE_NS_ASSERTIONS = NO;
				ENABLE_STRICT_OBJC_MSGSEND = YES;
				GCC_C_LANGUAGE_STANDARD = gnu11;
				GCC_NO_COMMON_BLOCKS = YES;
				GCC_WARN_64_TO_32_BIT_CONVERSION = YES;
				GCC_WARN_ABOUT_RETURN_TYPE = YES_ERROR;
				GCC_WARN_UNDECLARED_SELECTOR = YES;
				GCC_WARN_UNINITIALIZED_AUTOS = YES_AGGRESSIVE;
				GCC_WARN_UNUSED_FUNCTION = YES;
				GCC_WARN_UNUSED_VARIABLE = YES;
				MTL_ENABLE_DEBUG_INFO = NO;
				MTL_FAST_MATH = YES;
				PRODUCT_NAME = "$(TARGET_NAME)";
				SDKROOT = xros;
				SUPPORTS_MACCATALYST = NO;
				SUPPORTS_MAC_DESIGNED_FOR_IPHONE_IPAD = NO;
				SWIFT_COMPILATION_MODE = wholemodule;
				SWIFT_OPTIMIZATION_LEVEL = "-O";
				SWIFT_VERSION = 5.9;
				TARGETED_DEVICE_FAMILY = 7;
				XROS_DEPLOYMENT_TARGET = 2.0;
			};
			name = Release;
		};
		9D103CE3FB4214E7E4A0234F /* Release */ = {
			isa = XCBuildConfiguration;
			buildSettings = {
				ASSETCATALOG_COMPILER_APPICON_NAME = AppIcon;
				ASSETCATALOG_COMPILER_GENERATE_SWIFT_ASSET_SYMBOL_EXTENSIONS = YES;
				CODE_SIGN_ENTITLEMENTS = AVPHandStreamer/AVPHandStreamer.entitlements;
				CODE_SIGN_STYLE = Automatic;
				DEVELOPMENT_TEAM = J2LRQM78EB;
				ENABLE_PREVIEWS = YES;
				FRAMEWORK_SEARCH_PATHS = (
					"$(inherited)",
					"\".\"",
				);
				INFOPLIST_FILE = AVPHandStreamer/Info.plist;
				LD_RUNPATH_SEARCH_PATHS = (
					"$(inherited)",
					"@executable_path/Frameworks",
				);
				PRODUCT_BUNDLE_IDENTIFIER = com.gamsonic.AVPHandStreamer;
				PRODUCT_NAME = AVPHandStreamer;
				SDKROOT = xros;
				TARGETED_DEVICE_FAMILY = 7;
				XROS_DEPLOYMENT_TARGET = 2.0;
			};
			name = Release;
		};
		B7B69EF416A4C9CAF48817F7 /* Debug */ = {
			isa = XCBuildConfiguration;
			buildSettings = {
				ASSETCATALOG_COMPILER_APPICON_NAME = AppIcon;
				ASSETCATALOG_COMPILER_GENERATE_SWIFT_ASSET_SYMBOL_EXTENSIONS = YES;
				CODE_SIGN_ENTITLEMENTS = AVPHandStreamer/AVPHandStreamer.entitlements;
				CODE_SIGN_STYLE = Automatic;
				DEVELOPMENT_TEAM = J2LRQM78EB;
				ENABLE_PREVIEWS = YES;
				FRAMEWORK_SEARCH_PATHS = (
					"$(inherited)",
					"\".\"",
				);
				INFOPLIST_FILE = AVPHandStreamer/Info.plist;
				LD_RUNPATH_SEARCH_PATHS = (
					"$(inherited)",
					"@executable_path/Frameworks",
				);
				PRODUCT_BUNDLE_IDENTIFIER = com.gamsonic.AVPHandStreamer;
				PRODUCT_NAME = AVPHandStreamer;
				SDKROOT = xros;
				TARGETED_DEVICE_FAMILY = 7;
				XROS_DEPLOYMENT_TARGET = 2.0;
			};
			name = Debug;
		};
/* End XCBuildConfiguration section */

/* Begin XCConfigurationList section */
		109C86C16A7A8B55905B294E /* Build configuration list for PBXProject "AVPHandStreamer" */ = {
			isa = XCConfigurationList;
			buildConfigurations = (
				6CADF4A0593E46EDC1244B14 /* Debug */,
				954840A46448A3870195EDF3 /* Release */,
			);
			defaultConfigurationIsVisible = 0;
			defaultConfigurationName = Debug;
		};
		32584E7FAE2F35A0287CF1C0 /* Build configuration list for PBXNativeTarget "AVPHandStreamer" */ = {
			isa = XCConfigurationList;
			buildConfigurations = (
				B7B69EF416A4C9CAF48817F7 /* Debug */,
				9D103CE3FB4214E7E4A0234F /* Release */,
			);
			defaultConfigurationIsVisible = 0;
			defaultConfigurationName = Debug;
		};
/* End XCConfigurationList section */
	};
	rootObject = 833DB9E2E8614F6429872847 /* Project object */;
}
